
Microsoft Visual Studio Solution File, Format Version 12.00
# Visual Studio Version 17
VisualStudioVersion = 17.6.33723.286
MinimumVisualStudioVersion = 10.0.40219.1
Project("{FAE04EC0-301F-11D3-BF4B-00C04F79EFBC}") = "calculatorWpf", "calculatorWpf.csproj", "{1F2FFA04-78B8-487A-8113-5B4A62A466FD}"
EndProject
Global
	GlobalSection(SolutionConfigurationPlatforms) = preSolution
		Debug|Any CPU = Debug|Any CPU
		Release|Any CPU = Release|Any CPU
	EndGlobalSection
	GlobalSection(ProjectConfigurationPlatforms) = postSolution
		{1F2FFA04-78B8-487A-8113-5B4A62A466FD}.Debug|Any CPU.ActiveCfg = Debug|Any CPU
		{1F2FFA04-78B8-487A-8113-5B4A62A466FD}.Debug|Any CPU.Build.0 = Debug|Any CPU
		{1F2FFA04-78B8-487A-8113-5B4A62A466FD}.Release|Any CPU.ActiveCfg = Release|Any CPU
		{1F2FFA04-78B8-487A-8113-5B4A62A466FD}.Release|Any CPU.Build.0 = Release|Any CPU
	EndGlobalSection
	GlobalSection(SolutionProperties) = preSolution
		HideSolutionNode = FALSE
	EndGlobalSection
	GlobalSection(ExtensibilityGlobals) = postSolution
		SolutionGuid = {2A2C4CDE-7763-492C-AA20-079BDE149CDA}
	EndGlobalSection
EndGlobal
